
Microsoft Visual Studio Solution File, Format Version 12.00
# Visual Studio Version 17
VisualStudioVersion = 17.8.34408.163
MinimumVisualStudioVersion = 10.0.40219.1
Project("{FAE04EC0-301F-11D3-BF4B-00C04F79EFBC}") = "BlazorVaporWeb", "BlazorVaporWeb\BlazorVaporWeb\BlazorVaporWeb.csproj", "{E300296E-466C-46AB-9357-1B8B8B20302C}"
EndProject
Project("{FAE04EC0-301F-11D3-BF4B-00C04F79EFBC}") = "BlazorVaporWeb.Client", "BlazorVaporWeb\BlazorVaporWeb.Client\BlazorVaporWeb.Client.csproj", "{F8D4A4F1-0DC8-4FE1-B552-9F90A0CC6676}"
EndProject
Global
	GlobalSection(SolutionConfigurationPlatforms) = preSolution
		Debug|Any CPU = Debug|Any CPU
		Release|Any CPU = Release|Any CPU
	EndGlobalSection
	GlobalSection(ProjectConfigurationPlatforms) = postSolution
		{E300296E-466C-46AB-9357-1B8B8B20302C}.Debug|Any CPU.ActiveCfg = Debug|Any CPU
		{E300296E-466C-46AB-9357-1B8B8B20302C}.Debug|Any CPU.Build.0 = Debug|Any CPU
		{E300296E-466C-46AB-9357-1B8B8B20302C}.Release|Any CPU.ActiveCfg = Release|Any CPU
		{E300296E-466C-46AB-9357-1B8B8B20302C}.Release|Any CPU.Build.0 = Release|Any CPU
		{F8D4A4F1-0DC8-4FE1-B552-9F90A0CC6676}.Debug|Any CPU.ActiveCfg = Debug|Any CPU
		{F8D4A4F1-0DC8-4FE1-B552-9F90A0CC6676}.Debug|Any CPU.Build.0 = Debug|Any CPU
		{F8D4A4F1-0DC8-4FE1-B552-9F90A0CC6676}.Release|Any CPU.ActiveCfg = Release|Any CPU
		{F8D4A4F1-0DC8-4FE1-B552-9F90A0CC6676}.Release|Any CPU.Build.0 = Release|Any CPU
	EndGlobalSection
	GlobalSection(SolutionProperties) = preSolution
		HideSolutionNode = FALSE
	EndGlobalSection
	GlobalSection(ExtensibilityGlobals) = postSolution
		SolutionGuid = {EB1C3813-6972-4360-8DA7-E520AEC04622}
	EndGlobalSection
EndGlobal
